
Microsoft Visual Studio Solution File, Format Version 12.00
# Visual Studio Version 17
VisualStudioVersion = 17.7.34031.279
MinimumVisualStudioVersion = 10.0.40219.1
Project("{FAE04EC0-301F-11D3-BF4B-00C04F79EFBC}") = "DataFinder", "Module19_Data_Finder\DataFinder.csproj", "{CAF0AA63-495B-4652-917C-92ADBCEFB552}"
EndProject
Global
	GlobalSection(SolutionConfigurationPlatforms) = preSolution
		Debug|Any CPU = Debug|Any CPU
		Release|Any CPU = Release|Any CPU
	EndGlobalSection
	GlobalSection(ProjectConfigurationPlatforms) = postSolution
		{CAF0AA63-495B-4652-917C-92ADBCEFB552}.Debug|Any CPU.ActiveCfg = Debug|Any CPU
		{CAF0AA63-495B-4652-917C-92ADBCEFB552}.Debug|Any CPU.Build.0 = Debug|Any CPU
		{CAF0AA63-495B-4652-917C-92ADBCEFB552}.Release|Any CPU.ActiveCfg = Release|Any CPU
		{CAF0AA63-495B-4652-917C-92ADBCEFB552}.Release|Any CPU.Build.0 = Release|Any CPU
	EndGlobalSection
	GlobalSection(SolutionProperties) = preSolution
		HideSolutionNode = FALSE
	EndGlobalSection
	GlobalSection(ExtensibilityGlobals) = postSolution
		SolutionGuid = {01B8EAC7-0F70-4F93-BB30-E7D13A74F5FA}
	EndGlobalSection
EndGlobal
